
Microsoft Visual Studio Solution File, Format Version 12.00
# Visual Studio Version 17
VisualStudioVersion = 17.1.32407.343
MinimumVisualStudioVersion = 10.0.40219.1
Project("{9A19103F-16F7-4668-BE54-9A1E7A4F7556}") = "Day1-10-5-2022", "Day1-10-5-2022\Day1-10-5-2022.csproj", "{65A367A3-F2B6-4953-959D-FD490026D469}"
EndProject
Project("{FAE04EC0-301F-11D3-BF4B-00C04F79EFBC}") = "Day1-10-5-2022B1", "Day1-10-5-2022B1\Day1-10-5-2022B1.csproj", "{5EFA8B9E-7789-4F55-8DBB-44453A12412C}"
EndProject
Global
	GlobalSection(SolutionConfigurationPlatforms) = preSolution
		Debug|Any CPU = Debug|Any CPU
		Release|Any CPU = Release|Any CPU
	EndGlobalSection
	GlobalSection(ProjectConfigurationPlatforms) = postSolution
		{65A367A3-F2B6-4953-959D-FD490026D469}.Debug|Any CPU.ActiveCfg = Debug|Any CPU
		{65A367A3-F2B6-4953-959D-FD490026D469}.Debug|Any CPU.Build.0 = Debug|Any CPU
		{65A367A3-F2B6-4953-959D-FD490026D469}.Release|Any CPU.ActiveCfg = Release|Any CPU
		{65A367A3-F2B6-4953-959D-FD490026D469}.Release|Any CPU.Build.0 = Release|Any CPU
		{5EFA8B9E-7789-4F55-8DBB-44453A12412C}.Debug|Any CPU.ActiveCfg = Debug|Any CPU
		{5EFA8B9E-7789-4F55-8DBB-44453A12412C}.Debug|Any CPU.Build.0 = Debug|Any CPU
		{5EFA8B9E-7789-4F55-8DBB-44453A12412C}.Release|Any CPU.ActiveCfg = Release|Any CPU
		{5EFA8B9E-7789-4F55-8DBB-44453A12412C}.Release|Any CPU.Build.0 = Release|Any CPU
	EndGlobalSection
	GlobalSection(SolutionProperties) = preSolution
		HideSolutionNode = FALSE
	EndGlobalSection
	GlobalSection(ExtensibilityGlobals) = postSolution
		SolutionGuid = {DED5DD3E-E074-45E0-B90E-7185A3B8D6C2}
	EndGlobalSection
EndGlobal
